{
  "name": "bpm-orb-aess",
  "version": "0.0.0",
  "lockfileVersion": 2,
  "requires": true,
  "packages": {
    "": {
      "name": "bpm-orb-aess",
      "version": "0.0.0",
      "dependencies": {
        "lit": "^2.7.6"
      },
      "devDependencies": {
        "typescript": "^5.0.2",
        "vite": "^4.4.5"
      }
    },
    "node_modules/@esbuild/android-arm": {
      "version": "0.18.20",
      "resolved": "https://pkgs.dev.azure.com/VolvoGroup-DVP/DSBS-SYSTEMS/_packaging/Gdsp/npm/registry/@esbuild/android-arm/-/android-arm-0.18.20.tgz",
      "integrity": "sha1-/tsmW8OlichMwR+BCATyNJR8NoI=",
      "cpu": [
        "arm"
      ],
      "dev": true,
      "license": "MIT",
      "optional": true,
      "os": [
        "android"
      ],
      "engines": {
        "node": ">=12"
      }
    },
    "node_modules/@esbuild/android-arm64": {
      "version": "0.18.20",
      "resolved": "https://pkgs.dev.azure.com/VolvoGroup-DVP/DSBS-SYSTEMS/_packaging/Gdsp/npm/registry/@esbuild/android-arm64/-/android-arm64-0.18.20.tgz",
      "integrity": "sha1-mEtPnI0Dd0Q8wt/O8mbQIkRZNiI=",
      "cpu": [
        "arm64"
      ],
      "dev": true,
      "license": "MIT",
      "optional": true,
      "os": [
        "android"
      ],
      "engines": {
        "node": ">=12"
      }
    },
    "node_modules/@esbuild/android-x64": {
      "version": "0.18.20",
      "resolved": "https://pkgs.dev.azure.com/VolvoGroup-DVP/DSBS-SYSTEMS/_packaging/Gdsp/npm/registry/@esbuild/android-x64/-/android-x64-0.18.20.tgz",
      "integrity": "sha1-Nc9BnEz8i6voiT0pbNmQ6en3VvI=",
      "cpu": [
        "x64"
      ],
      "dev": true,
      "license": "MIT",
      "optional": true,
      "os": [
        "android"
      ],
      "engines": {
        "node": ">=12"
      }
    },
    "node_modules/@esbuild/darwin-arm64": {
      "version": "0.18.20",
      "resolved": "https://pkgs.dev.azure.com/VolvoGroup-DVP/DSBS-SYSTEMS/_packaging/Gdsp/npm/registry/@esbuild/darwin-arm64/-/darwin-arm64-0.18.20.tgz",
      "integrity": "sha1-CBcsvsz5X7w4M5mn85z73a6w18E=",
      "cpu": [
        "arm64"
      ],
      "dev": true,
      "license": "MIT",
      "optional": true,
      "os": [
        "darwin"
      ],
      "engines": {
        "node": ">=12"
      }
    },
    "node_modules/@esbuild/darwin-x64": {
      "version": "0.18.20",
      "resolved": "https://pkgs.dev.azure.com/VolvoGroup-DVP/DSBS-SYSTEMS/_packaging/Gdsp/npm/registry/@esbuild/darwin-x64/-/darwin-x64-0.18.20.tgz",
      "integrity": "sha1-1w1XkNi/R1VWtn0Pi3xb3/BT2F0=",
      "cpu": [
        "x64"
      ],
      "dev": true,
      "license": "MIT",
      "optional": true,
      "os": [
        "darwin"
      ],
      "engines": {
        "node": ">=12"
      }
    },
    "node_modules/@esbuild/freebsd-arm64": {
      "version": "0.18.20",
      "resolved": "https://pkgs.dev.azure.com/VolvoGroup-DVP/DSBS-SYSTEMS/_packaging/Gdsp/npm/registry/@esbuild/freebsd-arm64/-/freebsd-arm64-0.18.20.tgz",
      "integrity": "sha1-mHVc0ScH+T8hDiSU1qS1G5aXf1Q=",
      "cpu": [
        "arm64"
      ],
      "dev": true,
      "license": "MIT",
      "optional": true,
      "os": [
        "freebsd"
      ],
      "engines": {
        "node": ">=12"
      }
    },
    "node_modules/@esbuild/freebsd-x64": {
      "version": "0.18.20",
      "resolved": "https://pkgs.dev.azure.com/VolvoGroup-DVP/DSBS-SYSTEMS/_packaging/Gdsp/npm/registry/@esbuild/freebsd-x64/-/freebsd-x64-0.18.20.tgz",
      "integrity": "sha1-wesr/wORX4fCnOzkwaf6H0I7Bm4=",
      "cpu": [
        "x64"
      ],
      "dev": true,
      "license": "MIT",
      "optional": true,
      "os": [
        "freebsd"
      ],
      "engines": {
        "node": ">=12"
      }
    },
    "node_modules/@esbuild/linux-arm": {
      "version": "0.18.20",
      "resolved": "https://pkgs.dev.azure.com/VolvoGroup-DVP/DSBS-SYSTEMS/_packaging/Gdsp/npm/registry/@esbuild/linux-arm/-/linux-arm-0.18.20.tgz",
      "integrity": "sha1-PmF8YfM1CKJxUO5BdUPIq1rMc7A=",
      "cpu": [
        "arm"
      ],
      "dev": true,
      "license": "MIT",
      "optional": true,
      "os": [
        "linux"
      ],
      "engines": {
        "node": ">=12"
      }
    },
    "node_modules/@esbuild/linux-arm64": {
      "version": "0.18.20",
      "resolved": "https://pkgs.dev.azure.com/VolvoGroup-DVP/DSBS-SYSTEMS/_packaging/Gdsp/npm/registry/@esbuild/linux-arm64/-/linux-arm64-0.18.20.tgz",
      "integrity": "sha1-utQji9j0/CW1oCEoDHcKtfw6AqA=",
      "cpu": [
        "arm64"
      ],
      "dev": true,
      "license": "MIT",
      "optional": true,
      "os": [
        "linux"
      ],
      "engines": {
        "node": ">=12"
      }
    },
    "node_modules/@esbuild/linux-ia32": {
      "version": "0.18.20",
      "resolved": "https://pkgs.dev.azure.com/VolvoGroup-DVP/DSBS-SYSTEMS/_packaging/Gdsp/npm/registry/@esbuild/linux-ia32/-/linux-ia32-0.18.20.tgz",
      "integrity": "sha1-aZORzMupruYBm3+YkuuZIZ8VcKc=",
      "cpu": [
        "ia32"
      ],
      "dev": true,
      "license": "MIT",
      "optional": true,
      "os": [
        "linux"
      ],
      "engines": {
        "node": ">=12"
      }
    },
    "node_modules/@esbuild/linux-loong64": {
      "version": "0.18.20",
      "resolved": "https://pkgs.dev.azure.com/VolvoGroup-DVP/DSBS-SYSTEMS/_packaging/Gdsp/npm/registry/@esbuild/linux-loong64/-/linux-loong64-0.18.20.tgz",
      "integrity": "sha1-5vzLeqwXjdL/uYYEZayJ1/I7l30=",
      "cpu": [
        "loong64"
      ],
      "dev": true,
      "license": "MIT",
      "optional": true,
      "os": [
        "linux"
      ],
      "engines": {
        "node": ">=12"
      }
    },
    "node_modules/@esbuild/linux-mips64el": {
      "version": "0.18.20",
      "resolved": "https://pkgs.dev.azure.com/VolvoGroup-DVP/DSBS-SYSTEMS/_packaging/Gdsp/npm/registry/@esbuild/linux-mips64el/-/linux-mips64el-0.18.20.tgz",
      "integrity": "sha1-7v86k33pwjEN4wYiqVetG9kYMjE=",
      "cpu": [
        "mips64el"
      ],
      "dev": true,
      "license": "MIT",
      "optional": true,
      "os": [
        "linux"
      ],
      "engines": {
        "node": ">=12"
      }
    },
    "node_modules/@esbuild/linux-ppc64": {
      "version": "0.18.20",
      "resolved": "https://pkgs.dev.azure.com/VolvoGroup-DVP/DSBS-SYSTEMS/_packaging/Gdsp/npm/registry/@esbuild/linux-ppc64/-/linux-ppc64-0.18.20.tgz",
      "integrity": "sha1-L3FWveILAVJ5k+aIFDWtebqVmfs=",
      "cpu": [
        "ppc64"
      ],
      "dev": true,
      "license": "MIT",
      "optional": true,
      "os": [
        "linux"
      ],
      "engines": {
        "node": ">=12"
      }
    },
    "node_modules/@esbuild/linux-riscv64": {
      "version": "0.18.20",
      "resolved": "https://pkgs.dev.azure.com/VolvoGroup-DVP/DSBS-SYSTEMS/_packaging/Gdsp/npm/registry/@esbuild/linux-riscv64/-/linux-riscv64-0.18.20.tgz",
      "integrity": "sha1-Zig4nyEBI9i0dDBFr4yqfU3fx6Y=",
      "cpu": [
        "riscv64"
      ],
      "dev": true,
      "license": "MIT",
      "optional": true,
      "os": [
        "linux"
      ],
      "engines": {
        "node": ">=12"
      }
    },
    "node_modules/@esbuild/linux-s390x": {
      "version": "0.18.20",
      "resolved": "https://pkgs.dev.azure.com/VolvoGroup-DVP/DSBS-SYSTEMS/_packaging/Gdsp/npm/registry/@esbuild/linux-s390x/-/linux-s390x-0.18.20.tgz",
      "integrity": "sha1-JV6B+yibEBAmExhYq5n7pj3PAHE=",
      "cpu": [
        "s390x"
      ],
      "dev": true,
      "license": "MIT",
      "optional": true,
      "os": [
        "linux"
      ],
      "engines": {
        "node": ">=12"
      }
    },
    "node_modules/@esbuild/linux-x64": {
      "version": "0.18.20",
      "resolved": "https://pkgs.dev.azure.com/VolvoGroup-DVP/DSBS-SYSTEMS/_packaging/Gdsp/npm/registry/@esbuild/linux-x64/-/linux-x64-0.18.20.tgz",
      "integrity": "sha1-x2kLNBevMYqbb5bfMDGohlF20zg=",
      "cpu": [
        "x64"
      ],
      "dev": true,
      "license": "MIT",
      "optional": true,
      "os": [
        "linux"
      ],
      "engines": {
        "node": ">=12"
      }
    },
    "node_modules/@esbuild/netbsd-x64": {
      "version": "0.18.20",
      "resolved": "https://pkgs.dev.azure.com/VolvoGroup-DVP/DSBS-SYSTEMS/_packaging/Gdsp/npm/registry/@esbuild/netbsd-x64/-/netbsd-x64-0.18.20.tgz",
      "integrity": "sha1-MOjNij3e1jl14t8kOMoQlgHr4NE=",
      "cpu": [
        "x64"
      ],
      "dev": true,
      "license": "MIT",
      "optional": true,
      "os": [
        "netbsd"
      ],
      "engines": {
        "node": ">=12"
      }
    },
    "node_modules/@esbuild/openbsd-x64": {
      "version": "0.18.20",
      "resolved": "https://pkgs.dev.azure.com/VolvoGroup-DVP/DSBS-SYSTEMS/_packaging/Gdsp/npm/registry/@esbuild/openbsd-x64/-/openbsd-x64-0.18.20.tgz",
      "integrity": "sha1-eBKvMbIFBVh0yAguqc+asNpiF64=",
      "cpu": [
        "x64"
      ],
      "dev": true,
      "license": "MIT",
      "optional": true,
      "os": [
        "openbsd"
      ],
      "engines": {
        "node": ">=12"
      }
    },
    "node_modules/@esbuild/sunos-x64": {
      "version": "0.18.20",
      "resolved": "https://pkgs.dev.azure.com/VolvoGroup-DVP/DSBS-SYSTEMS/_packaging/Gdsp/npm/registry/@esbuild/sunos-x64/-/sunos-x64-0.18.20.tgz",
      "integrity": "sha1-1cJ1w7TnPJsOzTjRymLAIPiHq50=",
      "cpu": [
        "x64"
      ],
      "dev": true,
      "license": "MIT",
      "optional": true,
      "os": [
        "sunos"
      ],
      "engines": {
        "node": ">=12"
      }
    },
    "node_modules/@esbuild/win32-arm64": {
      "version": "0.18.20",
      "resolved": "https://pkgs.dev.azure.com/VolvoGroup-DVP/DSBS-SYSTEMS/_packaging/Gdsp/npm/registry/@esbuild/win32-arm64/-/win32-arm64-0.18.20.tgz",
      "integrity": "sha1-c7x/Wp+Kd4BfNX+rl/KQ0OSCCsk=",
      "cpu": [
        "arm64"
      ],
      "dev": true,
      "license": "MIT",
      "optional": true,
      "os": [
        "win32"
      ],
      "engines": {
        "node": ">=12"
      }
    },
    "node_modules/@esbuild/win32-ia32": {
      "version": "0.18.20",
      "resolved": "https://pkgs.dev.azure.com/VolvoGroup-DVP/DSBS-SYSTEMS/_packaging/Gdsp/npm/registry/@esbuild/win32-ia32/-/win32-ia32-0.18.20.tgz",
      "integrity": "sha1-7JPL8O8QhcwS5x4NZh0gVp/0IQI=",
      "cpu": [
        "ia32"
      ],
      "dev": true,
      "license": "MIT",
      "optional": true,
      "os": [
        "win32"
      ],
      "engines": {
        "node": ">=12"
      }
    },
    "node_modules/@esbuild/win32-x64": {
      "version": "0.18.20",
      "resolved": "https://pkgs.dev.azure.com/VolvoGroup-DVP/DSBS-SYSTEMS/_packaging/Gdsp/npm/registry/@esbuild/win32-x64/-/win32-x64-0.18.20.tgz",
      "integrity": "sha1-eGxfQfBDsHr7GvN2g9fDNmiFj20=",
      "cpu": [
        "x64"
      ],
      "dev": true,
      "license": "MIT",
      "optional": true,
      "os": [
        "win32"
      ],
      "engines": {
        "node": ">=12"
      }
    },
    "node_modules/@lit-labs/ssr-dom-shim": {
      "version": "1.1.1",
      "resolved": "https://pkgs.dev.azure.com/VolvoGroup-DVP/DSBS-SYSTEMS/_packaging/Gdsp/npm/registry/@lit-labs/ssr-dom-shim/-/ssr-dom-shim-1.1.1.tgz",
      "integrity": "sha1-ZN804vEuaOeKxX5XHSXsB/pGDKk=",
      "license": "BSD-3-Clause"
    },
    "node_modules/@lit/reactive-element": {
      "version": "1.6.3",
      "resolved": "https://pkgs.dev.azure.com/VolvoGroup-DVP/DSBS-SYSTEMS/_packaging/Gdsp/npm/registry/@lit/reactive-element/-/reactive-element-1.6.3.tgz",
      "integrity": "sha1-JbTuziWSEyhF0wPgkbrZsEzc/gM=",
      "license": "BSD-3-Clause",
      "dependencies": {
        "@lit-labs/ssr-dom-shim": "^1.0.0"
      }
    },
    "node_modules/@types/trusted-types": {
      "version": "2.0.3",
      "resolved": "https://pkgs.dev.azure.com/VolvoGroup-DVP/DSBS-SYSTEMS/_packaging/Gdsp/npm/registry/@types/trusted-types/-/trusted-types-2.0.3.tgz",
      "integrity": "sha1-oTb4OwdYaY30VOModZ29PURVUxE=",
      "license": "MIT"
    },
    "node_modules/esbuild": {
      "version": "0.18.20",
      "resolved": "https://pkgs.dev.azure.com/VolvoGroup-DVP/DSBS-SYSTEMS/_packaging/Gdsp/npm/registry/esbuild/-/esbuild-0.18.20.tgz",
      "integrity": "sha1-Rwn1o0gBtDt5mrfW2C9yhKm3p6Y=",
      "dev": true,
      "hasInstallScript": true,
      "license": "MIT",
      "bin": {
        "esbuild": "bin/esbuild"
      },
      "engines": {
        "node": ">=12"
      },
      "optionalDependencies": {
        "@esbuild/android-arm": "0.18.20",
        "@esbuild/android-arm64": "0.18.20",
        "@esbuild/android-x64": "0.18.20",
        "@esbuild/darwin-arm64": "0.18.20",
        "@esbuild/darwin-x64": "0.18.20",
        "@esbuild/freebsd-arm64": "0.18.20",
        "@esbuild/freebsd-x64": "0.18.20",
        "@esbuild/linux-arm": "0.18.20",
        "@esbuild/linux-arm64": "0.18.20",
        "@esbuild/linux-ia32": "0.18.20",
        "@esbuild/linux-loong64": "0.18.20",
        "@esbuild/linux-mips64el": "0.18.20",
        "@esbuild/linux-ppc64": "0.18.20",
        "@esbuild/linux-riscv64": "0.18.20",
        "@esbuild/linux-s390x": "0.18.20",
        "@esbuild/linux-x64": "0.18.20",
        "@esbuild/netbsd-x64": "0.18.20",
        "@esbuild/openbsd-x64": "0.18.20",
        "@esbuild/sunos-x64": "0.18.20",
        "@esbuild/win32-arm64": "0.18.20",
        "@esbuild/win32-ia32": "0.18.20",
        "@esbuild/win32-x64": "0.18.20"
      }
    },
    "node_modules/fsevents": {
      "version": "2.3.2",
      "resolved": "https://pkgs.dev.azure.com/VolvoGroup-DVP/DSBS-SYSTEMS/_packaging/Gdsp/npm/registry/fsevents/-/fsevents-2.3.2.tgz",
      "integrity": "sha1-ilJveLj99GI7cJ4Ll1xSwkwC/Ro=",
      "dev": true,
      "license": "MIT",
      "optional": true,
      "os": [
        "darwin"
      ],
      "engines": {
        "node": "^8.16.0 || ^10.6.0 || >=11.0.0"
      }
    },
    "node_modules/lit": {
      "version": "2.8.0",
      "resolved": "https://pkgs.dev.azure.com/VolvoGroup-DVP/DSBS-SYSTEMS/_packaging/Gdsp/npm/registry/lit/-/lit-2.8.0.tgz",
      "integrity": "sha1-TYOK4DBZv5yvoG5cYdiswAgel04=",
      "license": "BSD-3-Clause",
      "dependencies": {
        "@lit/reactive-element": "^1.6.0",
        "lit-element": "^3.3.0",
        "lit-html": "^2.8.0"
      }
    },
    "node_modules/lit-element": {
      "version": "3.3.3",
      "resolved": "https://pkgs.dev.azure.com/VolvoGroup-DVP/DSBS-SYSTEMS/_packaging/Gdsp/npm/registry/lit-element/-/lit-element-3.3.3.tgz",
      "integrity": "sha1-ELwZcCuW71QWz3pwF3JVv7F7Mgk=",
      "license": "BSD-3-Clause",
      "dependencies": {
        "@lit-labs/ssr-dom-shim": "^1.1.0",
        "@lit/reactive-element": "^1.3.0",
        "lit-html": "^2.8.0"
      }
    },
    "node_modules/lit-html": {
      "version": "2.8.0",
      "resolved": "https://pkgs.dev.azure.com/VolvoGroup-DVP/DSBS-SYSTEMS/_packaging/Gdsp/npm/registry/lit-html/-/lit-html-2.8.0.tgz",
      "integrity": "sha1-lkVqS7TucXuafS+UVioWUJ05v/o=",
      "license": "BSD-3-Clause",
      "dependencies": {
        "@types/trusted-types": "^2.0.2"
      }
    },
    "node_modules/nanoid": {
      "version": "3.3.6",
      "resolved": "https://pkgs.dev.azure.com/VolvoGroup-DVP/DSBS-SYSTEMS/_packaging/Gdsp/npm/registry/nanoid/-/nanoid-3.3.6.tgz",
      "integrity": "sha1-RDOAyFbW6fmCQmfZYLQjatWD6kw=",
      "dev": true,
      "funding": [
        {
          "type": "github",
          "url": "https://github.com/sponsors/ai"
        }
      ],
      "license": "MIT",
      "bin": {
        "nanoid": "bin/nanoid.cjs"
      },
      "engines": {
        "node": "^10 || ^12 || ^13.7 || ^14 || >=15.0.1"
      }
    },
    "node_modules/picocolors": {
      "version": "1.0.0",
      "resolved": "https://pkgs.dev.azure.com/VolvoGroup-DVP/DSBS-SYSTEMS/_packaging/Gdsp/npm/registry/picocolors/-/picocolors-1.0.0.tgz",
      "integrity": "sha1-y1vcdP8/UYkiNur3nWi8RFZKuBw=",
      "dev": true,
      "license": "ISC"
    },
    "node_modules/postcss": {
      "version": "8.4.27",
      "resolved": "https://pkgs.dev.azure.com/VolvoGroup-DVP/DSBS-SYSTEMS/_packaging/Gdsp/npm/registry/postcss/-/postcss-8.4.27.tgz",
      "integrity": "sha1-I01+S3LjS6WpLCljZzQ0ng2cMFc=",
      "dev": true,
      "funding": [
        {
          "type": "opencollective",
          "url": "https://opencollective.com/postcss/"
        },
        {
          "type": "tidelift",
          "url": "https://tidelift.com/funding/github/npm/postcss"
        },
        {
          "type": "github",
          "url": "https://github.com/sponsors/ai"
        }
      ],
      "license": "MIT",
      "dependencies": {
        "nanoid": "^3.3.6",
        "picocolors": "^1.0.0",
        "source-map-js": "^1.0.2"
      },
      "engines": {
        "node": "^10 || ^12 || >=14"
      }
    },
    "node_modules/rollup": {
      "version": "3.28.0",
      "resolved": "https://pkgs.dev.azure.com/VolvoGroup-DVP/DSBS-SYSTEMS/_packaging/Gdsp/npm/registry/rollup/-/rollup-3.28.0.tgz",
      "integrity": "sha1-o8cABLAZNHYMDLjfcXx6HZMjiaI=",
      "dev": true,
      "license": "MIT",
      "bin": {
        "rollup": "dist/bin/rollup"
      },
      "engines": {
        "node": ">=14.18.0",
        "npm": ">=8.0.0"
      },
      "optionalDependencies": {
        "fsevents": "~2.3.2"
      }
    },
    "node_modules/source-map-js": {
      "version": "1.0.2",
      "resolved": "https://pkgs.dev.azure.com/VolvoGroup-DVP/DSBS-SYSTEMS/_packaging/Gdsp/npm/registry/source-map-js/-/source-map-js-1.0.2.tgz",
      "integrity": "sha1-rbw2HZxi3zgBJefxYfccgm8eSQw=",
      "dev": true,
      "license": "BSD-3-Clause",
      "engines": {
        "node": ">=0.10.0"
      }
    },
    "node_modules/typescript": {
      "version": "5.1.6",
      "resolved": "https://pkgs.dev.azure.com/VolvoGroup-DVP/DSBS-SYSTEMS/_packaging/Gdsp/npm/registry/typescript/-/typescript-5.1.6.tgz",
      "integrity": "sha1-AvisICttrSwN1eCRN0W0ejeZgnQ=",
      "dev": true,
      "license": "Apache-2.0",
      "bin": {
        "tsc": "bin/tsc",
        "tsserver": "bin/tsserver"
      },
      "engines": {
        "node": ">=14.17"
      }
    },
    "node_modules/vite": {
      "version": "4.4.9",
      "resolved": "https://pkgs.dev.azure.com/VolvoGroup-DVP/DSBS-SYSTEMS/_packaging/Gdsp/npm/registry/vite/-/vite-4.4.9.tgz",
      "integrity": "sha1-FAJCPxovjWb9jRXjURJ8cjbSnT0=",
      "dev": true,
      "license": "MIT",
      "dependencies": {
        "esbuild": "^0.18.10",
        "postcss": "^8.4.27",
        "rollup": "^3.27.1"
      },
      "bin": {
        "vite": "bin/vite.js"
      },
      "engines": {
        "node": "^14.18.0 || >=16.0.0"
      },
      "funding": {
        "url": "https://github.com/vitejs/vite?sponsor=1"
      },
      "optionalDependencies": {
        "fsevents": "~2.3.2"
      },
      "peerDependencies": {
        "@types/node": ">= 14",
        "less": "*",
        "lightningcss": "^1.21.0",
        "sass": "*",
        "stylus": "*",
        "sugarss": "*",
        "terser": "^5.4.0"
      },
      "peerDependenciesMeta": {
        "@types/node": {
          "optional": true
        },
        "less": {
          "optional": true
        },
        "lightningcss": {
          "optional": true
        },
        "sass": {
          "optional": true
        },
        "stylus": {
          "optional": true
        },
        "sugarss": {
          "optional": true
        },
        "terser": {
          "optional": true
        }
      }
    }
  },
  "dependencies": {
    "@esbuild/android-arm": {
      "version": "0.18.20",
      "resolved": "https://pkgs.dev.azure.com/VolvoGroup-DVP/DSBS-SYSTEMS/_packaging/Gdsp/npm/registry/@esbuild/android-arm/-/android-arm-0.18.20.tgz",
      "integrity": "sha1-/tsmW8OlichMwR+BCATyNJR8NoI=",
      "dev": true,
      "optional": true
    },
    "@esbuild/android-arm64": {
      "version": "0.18.20",
      "resolved": "https://pkgs.dev.azure.com/VolvoGroup-DVP/DSBS-SYSTEMS/_packaging/Gdsp/npm/registry/@esbuild/android-arm64/-/android-arm64-0.18.20.tgz",
      "integrity": "sha1-mEtPnI0Dd0Q8wt/O8mbQIkRZNiI=",
      "dev": true,
      "optional": true
    },
    "@esbuild/android-x64": {
      "version": "0.18.20",
      "resolved": "https://pkgs.dev.azure.com/VolvoGroup-DVP/DSBS-SYSTEMS/_packaging/Gdsp/npm/registry/@esbuild/android-x64/-/android-x64-0.18.20.tgz",
      "integrity": "sha1-Nc9BnEz8i6voiT0pbNmQ6en3VvI=",
      "dev": true,
      "optional": true
    },
    "@esbuild/darwin-arm64": {
      "version": "0.18.20",
      "resolved": "https://pkgs.dev.azure.com/VolvoGroup-DVP/DSBS-SYSTEMS/_packaging/Gdsp/npm/registry/@esbuild/darwin-arm64/-/darwin-arm64-0.18.20.tgz",
      "integrity": "sha1-CBcsvsz5X7w4M5mn85z73a6w18E=",
      "dev": true,
      "optional": true
    },
    "@esbuild/darwin-x64": {
      "version": "0.18.20",
      "resolved": "https://pkgs.dev.azure.com/VolvoGroup-DVP/DSBS-SYSTEMS/_packaging/Gdsp/npm/registry/@esbuild/darwin-x64/-/darwin-x64-0.18.20.tgz",
      "integrity": "sha1-1w1XkNi/R1VWtn0Pi3xb3/BT2F0=",
      "dev": true,
      "optional": true
    },
    "@esbuild/freebsd-arm64": {
      "version": "0.18.20",
      "resolved": "https://pkgs.dev.azure.com/VolvoGroup-DVP/DSBS-SYSTEMS/_packaging/Gdsp/npm/registry/@esbuild/freebsd-arm64/-/freebsd-arm64-0.18.20.tgz",
      "integrity": "sha1-mHVc0ScH+T8hDiSU1qS1G5aXf1Q=",
      "dev": true,
      "optional": true
    },
    "@esbuild/freebsd-x64": {
      "version": "0.18.20",
      "resolved": "https://pkgs.dev.azure.com/VolvoGroup-DVP/DSBS-SYSTEMS/_packaging/Gdsp/npm/registry/@esbuild/freebsd-x64/-/freebsd-x64-0.18.20.tgz",
      "integrity": "sha1-wesr/wORX4fCnOzkwaf6H0I7Bm4=",
      "dev": true,
      "optional": true
    },
    "@esbuild/linux-arm": {
      "version": "0.18.20",
      "resolved": "https://pkgs.dev.azure.com/VolvoGroup-DVP/DSBS-SYSTEMS/_packaging/Gdsp/npm/registry/@esbuild/linux-arm/-/linux-arm-0.18.20.tgz",
      "integrity": "sha1-PmF8YfM1CKJxUO5BdUPIq1rMc7A=",
      "dev": true,
      "optional": true
    },
    "@esbuild/linux-arm64": {
      "version": "0.18.20",
      "resolved": "https://pkgs.dev.azure.com/VolvoGroup-DVP/DSBS-SYSTEMS/_packaging/Gdsp/npm/registry/@esbuild/linux-arm64/-/linux-arm64-0.18.20.tgz",
      "integrity": "sha1-utQji9j0/CW1oCEoDHcKtfw6AqA=",
      "dev": true,
      "optional": true
    },
    "@esbuild/linux-ia32": {
      "version": "0.18.20",
      "resolved": "https://pkgs.dev.azure.com/VolvoGroup-DVP/DSBS-SYSTEMS/_packaging/Gdsp/npm/registry/@esbuild/linux-ia32/-/linux-ia32-0.18.20.tgz",
      "integrity": "sha1-aZORzMupruYBm3+YkuuZIZ8VcKc=",
      "dev": true,
      "optional": true
    },
    "@esbuild/linux-loong64": {
      "version": "0.18.20",
      "resolved": "https://pkgs.dev.azure.com/VolvoGroup-DVP/DSBS-SYSTEMS/_packaging/Gdsp/npm/registry/@esbuild/linux-loong64/-/linux-loong64-0.18.20.tgz",
      "integrity": "sha1-5vzLeqwXjdL/uYYEZayJ1/I7l30=",
      "dev": true,
      "optional": true
    },
    "@esbuild/linux-mips64el": {
      "version": "0.18.20",
      "resolved": "https://pkgs.dev.azure.com/VolvoGroup-DVP/DSBS-SYSTEMS/_packaging/Gdsp/npm/registry/@esbuild/linux-mips64el/-/linux-mips64el-0.18.20.tgz",
      "integrity": "sha1-7v86k33pwjEN4wYiqVetG9kYMjE=",
      "dev": true,
      "optional": true
    },
    "@esbuild/linux-ppc64": {
      "version": "0.18.20",
      "resolved": "https://pkgs.dev.azure.com/VolvoGroup-DVP/DSBS-SYSTEMS/_packaging/Gdsp/npm/registry/@esbuild/linux-ppc64/-/linux-ppc64-0.18.20.tgz",
      "integrity": "sha1-L3FWveILAVJ5k+aIFDWtebqVmfs=",
      "dev": true,
      "optional": true
    },
    "@esbuild/linux-riscv64": {
      "version": "0.18.20",
      "resolved": "https://pkgs.dev.azure.com/VolvoGroup-DVP/DSBS-SYSTEMS/_packaging/Gdsp/npm/registry/@esbuild/linux-riscv64/-/linux-riscv64-0.18.20.tgz",
      "integrity": "sha1-Zig4nyEBI9i0dDBFr4yqfU3fx6Y=",
      "dev": true,
      "optional": true
    },
    "@esbuild/linux-s390x": {
      "version": "0.18.20",
      "resolved": "https://pkgs.dev.azure.com/VolvoGroup-DVP/DSBS-SYSTEMS/_packaging/Gdsp/npm/registry/@esbuild/linux-s390x/-/linux-s390x-0.18.20.tgz",
      "integrity": "sha1-JV6B+yibEBAmExhYq5n7pj3PAHE=",
      "dev": true,
      "optional": true
    },
    "@esbuild/linux-x64": {
      "version": "0.18.20",
      "resolved": "https://pkgs.dev.azure.com/VolvoGroup-DVP/DSBS-SYSTEMS/_packaging/Gdsp/npm/registry/@esbuild/linux-x64/-/linux-x64-0.18.20.tgz",
      "integrity": "sha1-x2kLNBevMYqbb5bfMDGohlF20zg=",
      "dev": true,
      "optional": true
    },
    "@esbuild/netbsd-x64": {
      "version": "0.18.20",
      "resolved": "https://pkgs.dev.azure.com/VolvoGroup-DVP/DSBS-SYSTEMS/_packaging/Gdsp/npm/registry/@esbuild/netbsd-x64/-/netbsd-x64-0.18.20.tgz",
      "integrity": "sha1-MOjNij3e1jl14t8kOMoQlgHr4NE=",
      "dev": true,
      "optional": true
    },
    "@esbuild/openbsd-x64": {
      "version": "0.18.20",
      "resolved": "https://pkgs.dev.azure.com/VolvoGroup-DVP/DSBS-SYSTEMS/_packaging/Gdsp/npm/registry/@esbuild/openbsd-x64/-/openbsd-x64-0.18.20.tgz",
      "integrity": "sha1-eBKvMbIFBVh0yAguqc+asNpiF64=",
      "dev": true,
      "optional": true
    },
    "@esbuild/sunos-x64": {
      "version": "0.18.20",
      "resolved": "https://pkgs.dev.azure.com/VolvoGroup-DVP/DSBS-SYSTEMS/_packaging/Gdsp/npm/registry/@esbuild/sunos-x64/-/sunos-x64-0.18.20.tgz",
      "integrity": "sha1-1cJ1w7TnPJsOzTjRymLAIPiHq50=",
      "dev": true,
      "optional": true
    },
    "@esbuild/win32-arm64": {
      "version": "0.18.20",
      "resolved": "https://pkgs.dev.azure.com/VolvoGroup-DVP/DSBS-SYSTEMS/_packaging/Gdsp/npm/registry/@esbuild/win32-arm64/-/win32-arm64-0.18.20.tgz",
      "integrity": "sha1-c7x/Wp+Kd4BfNX+rl/KQ0OSCCsk=",
      "dev": true,
      "optional": true
    },
    "@esbuild/win32-ia32": {
      "version": "0.18.20",
      "resolved": "https://pkgs.dev.azure.com/VolvoGroup-DVP/DSBS-SYSTEMS/_packaging/Gdsp/npm/registry/@esbuild/win32-ia32/-/win32-ia32-0.18.20.tgz",
      "integrity": "sha1-7JPL8O8QhcwS5x4NZh0gVp/0IQI=",
      "dev": true,
      "optional": true
    },
    "@esbuild/win32-x64": {
      "version": "0.18.20",
      "resolved": "https://pkgs.dev.azure.com/VolvoGroup-DVP/DSBS-SYSTEMS/_packaging/Gdsp/npm/registry/@esbuild/win32-x64/-/win32-x64-0.18.20.tgz",
      "integrity": "sha1-eGxfQfBDsHr7GvN2g9fDNmiFj20=",
      "dev": true,
      "optional": true
    },
    "@lit-labs/ssr-dom-shim": {
      "version": "1.1.1",
      "resolved": "https://pkgs.dev.azure.com/VolvoGroup-DVP/DSBS-SYSTEMS/_packaging/Gdsp/npm/registry/@lit-labs/ssr-dom-shim/-/ssr-dom-shim-1.1.1.tgz",
      "integrity": "sha1-ZN804vEuaOeKxX5XHSXsB/pGDKk="
    },
    "@lit/reactive-element": {
      "version": "1.6.3",
      "resolved": "https://pkgs.dev.azure.com/VolvoGroup-DVP/DSBS-SYSTEMS/_packaging/Gdsp/npm/registry/@lit/reactive-element/-/reactive-element-1.6.3.tgz",
      "integrity": "sha1-JbTuziWSEyhF0wPgkbrZsEzc/gM=",
      "requires": {
        "@lit-labs/ssr-dom-shim": "^1.0.0"
      }
    },
    "@types/trusted-types": {
      "version": "2.0.3",
      "resolved": "https://pkgs.dev.azure.com/VolvoGroup-DVP/DSBS-SYSTEMS/_packaging/Gdsp/npm/registry/@types/trusted-types/-/trusted-types-2.0.3.tgz",
      "integrity": "sha1-oTb4OwdYaY30VOModZ29PURVUxE="
    },
    "esbuild": {
      "version": "0.18.20",
      "resolved": "https://pkgs.dev.azure.com/VolvoGroup-DVP/DSBS-SYSTEMS/_packaging/Gdsp/npm/registry/esbuild/-/esbuild-0.18.20.tgz",
      "integrity": "sha1-Rwn1o0gBtDt5mrfW2C9yhKm3p6Y=",
      "dev": true,
      "requires": {
        "@esbuild/android-arm": "0.18.20",
        "@esbuild/android-arm64": "0.18.20",
        "@esbuild/android-x64": "0.18.20",
        "@esbuild/darwin-arm64": "0.18.20",
        "@esbuild/darwin-x64": "0.18.20",
        "@esbuild/freebsd-arm64": "0.18.20",
        "@esbuild/freebsd-x64": "0.18.20",
        "@esbuild/linux-arm": "0.18.20",
        "@esbuild/linux-arm64": "0.18.20",
        "@esbuild/linux-ia32": "0.18.20",
        "@esbuild/linux-loong64": "0.18.20",
        "@esbuild/linux-mips64el": "0.18.20",
        "@esbuild/linux-ppc64": "0.18.20",
        "@esbuild/linux-riscv64": "0.18.20",
        "@esbuild/linux-s390x": "0.18.20",
        "@esbuild/linux-x64": "0.18.20",
        "@esbuild/netbsd-x64": "0.18.20",
        "@esbuild/openbsd-x64": "0.18.20",
        "@esbuild/sunos-x64": "0.18.20",
        "@esbuild/win32-arm64": "0.18.20",
        "@esbuild/win32-ia32": "0.18.20",
        "@esbuild/win32-x64": "0.18.20"
      }
    },
    "fsevents": {
      "version": "2.3.2",
      "resolved": "https://pkgs.dev.azure.com/VolvoGroup-DVP/DSBS-SYSTEMS/_packaging/Gdsp/npm/registry/fsevents/-/fsevents-2.3.2.tgz",
      "integrity": "sha1-ilJveLj99GI7cJ4Ll1xSwkwC/Ro=",
      "dev": true,
      "optional": true
    },
    "lit": {
      "version": "2.8.0",
      "resolved": "https://pkgs.dev.azure.com/VolvoGroup-DVP/DSBS-SYSTEMS/_packaging/Gdsp/npm/registry/lit/-/lit-2.8.0.tgz",
      "integrity": "sha1-TYOK4DBZv5yvoG5cYdiswAgel04=",
      "requires": {
        "@lit/reactive-element": "^1.6.0",
        "lit-element": "^3.3.0",
        "lit-html": "^2.8.0"
      }
    },
    "lit-element": {
      "version": "3.3.3",
      "resolved": "https://pkgs.dev.azure.com/VolvoGroup-DVP/DSBS-SYSTEMS/_packaging/Gdsp/npm/registry/lit-element/-/lit-element-3.3.3.tgz",
      "integrity": "sha1-ELwZcCuW71QWz3pwF3JVv7F7Mgk=",
      "requires": {
        "@lit-labs/ssr-dom-shim": "^1.1.0",
        "@lit/reactive-element": "^1.3.0",
        "lit-html": "^2.8.0"
      }
    },
    "lit-html": {
      "version": "2.8.0",
      "resolved": "https://pkgs.dev.azure.com/VolvoGroup-DVP/DSBS-SYSTEMS/_packaging/Gdsp/npm/registry/lit-html/-/lit-html-2.8.0.tgz",
      "integrity": "sha1-lkVqS7TucXuafS+UVioWUJ05v/o=",
      "requires": {
        "@types/trusted-types": "^2.0.2"
      }
    },
    "nanoid": {
      "version": "3.3.6",
      "resolved": "https://pkgs.dev.azure.com/VolvoGroup-DVP/DSBS-SYSTEMS/_packaging/Gdsp/npm/registry/nanoid/-/nanoid-3.3.6.tgz",
      "integrity": "sha1-RDOAyFbW6fmCQmfZYLQjatWD6kw=",
      "dev": true
    },
    "picocolors": {
      "version": "1.0.0",
      "resolved": "https://pkgs.dev.azure.com/VolvoGroup-DVP/DSBS-SYSTEMS/_packaging/Gdsp/npm/registry/picocolors/-/picocolors-1.0.0.tgz",
      "integrity": "sha1-y1vcdP8/UYkiNur3nWi8RFZKuBw=",
      "dev": true
    },
    "postcss": {
      "version": "8.4.27",
      "resolved": "https://pkgs.dev.azure.com/VolvoGroup-DVP/DSBS-SYSTEMS/_packaging/Gdsp/npm/registry/postcss/-/postcss-8.4.27.tgz",
      "integrity": "sha1-I01+S3LjS6WpLCljZzQ0ng2cMFc=",
      "dev": true,
      "requires": {
        "nanoid": "^3.3.6",
        "picocolors": "^1.0.0",
        "source-map-js": "^1.0.2"
      }
    },
    "rollup": {
      "version": "3.28.0",
      "resolved": "https://pkgs.dev.azure.com/VolvoGroup-DVP/DSBS-SYSTEMS/_packaging/Gdsp/npm/registry/rollup/-/rollup-3.28.0.tgz",
      "integrity": "sha1-o8cABLAZNHYMDLjfcXx6HZMjiaI=",
      "dev": true,
      "requires": {
        "fsevents": "~2.3.2"
      }
    },
    "source-map-js": {
      "version": "1.0.2",
      "resolved": "https://pkgs.dev.azure.com/VolvoGroup-DVP/DSBS-SYSTEMS/_packaging/Gdsp/npm/registry/source-map-js/-/source-map-js-1.0.2.tgz",
      "integrity": "sha1-rbw2HZxi3zgBJefxYfccgm8eSQw=",
      "dev": true
    },
    "typescript": {
      "version": "5.1.6",
      "resolved": "https://pkgs.dev.azure.com/VolvoGroup-DVP/DSBS-SYSTEMS/_packaging/Gdsp/npm/registry/typescript/-/typescript-5.1.6.tgz",
      "integrity": "sha1-AvisICttrSwN1eCRN0W0ejeZgnQ=",
      "dev": true
    },
    "vite": {
      "version": "4.4.9",
      "resolved": "https://pkgs.dev.azure.com/VolvoGroup-DVP/DSBS-SYSTEMS/_packaging/Gdsp/npm/registry/vite/-/vite-4.4.9.tgz",
      "integrity": "sha1-FAJCPxovjWb9jRXjURJ8cjbSnT0=",
      "dev": true,
      "requires": {
        "esbuild": "^0.18.10",
        "fsevents": "~2.3.2",
        "postcss": "^8.4.27",
        "rollup": "^3.27.1"
      }
    }
  }
}
